version: 1.0
shards:
  db:
    github: crystal-lang/crystal-db
    version: 0.4.0

  kemal:
    github: kemalcr/kemal
    commit: 48128696c6130e76fcf29529f630a0d7c3cd813b

  kemal-session:
    github: kemalcr/kemal-session
    commit: 5ae81a68c4514b40a7ea8bf42bffa0d007281be8

  kilt:
    github: jeromegn/kilt
    version: 0.3.3

  mysql:
    github: crystal-lang/crystal-mysql
    version: 0.3.2

  radix:
    github: luislavena/radix
    version: 0.3.8

